// !$*UTF8*$!
{
	archiveVersion = 1;
	classes = {
	};
	objectVersion = 56;
	objects = {

/* Begin PBXBuildFile section */
		2F0ACD3F2B0B99A50099D20B /* ListViewModel.swift in Sources */ = {isa = PBXBuildFile; fileRef = 2F0ACD3E2B0B99A50099D20B /* ListViewModel.swift */; };
		2F0B13D42AF5147E0085ADF2 /* ListView.swift in Sources */ = {isa = PBXBuildFile; fileRef = 2F0B13D32AF5147E0085ADF2 /* ListView.swift */; };
		2F0B13D62AF51A8F0085ADF2 /* ListRowView.swift in Sources */ = {isa = PBXBuildFile; fileRef = 2F0B13D52AF51A8F0085ADF2 /* ListRowView.swift */; };
		2F0B13D82AF522C60085ADF2 /* AddView.swift in Sources */ = {isa = PBXBuildFile; fileRef = 2F0B13D72AF522C60085ADF2 /* AddView.swift */; };
		2F191F562AFC01DB003C4D7D /* ItemModel.swift in Sources */ = {isa = PBXBuildFile; fileRef = 2F191F552AFC01DB003C4D7D /* ItemModel.swift */; };
		2F1B1FDD2AF2A435004A55E5 /* ToDoApp.swift in Sources */ = {isa = PBXBuildFile; fileRef = 2F1B1FDC2AF2A435004A55E5 /* ToDoApp.swift */; };
		2F1B1FE12AF2A437004A55E5 /* Assets.xcassets in Resources */ = {isa = PBXBuildFile; fileRef = 2F1B1FE02AF2A437004A55E5 /* Assets.xcassets */; };
		2F1B1FE42AF2A437004A55E5 /* Preview Assets.xcassets in Resources */ = {isa = PBXBuildFile; fileRef = 2F1B1FE32AF2A437004A55E5 /* Preview Assets.xcassets */; };
		2F7EA7052B12806F00D0075D /* NoItemsView.swift in Sources */ = {isa = PBXBuildFile; fileRef = 2F7EA7042B12806F00D0075D /* NoItemsView.swift */; };
		2F9697972B17B5AA00929116 /* LoginView.swift in Sources */ = {isa = PBXBuildFile; fileRef = 2F9697962B17B5AA00929116 /* LoginView.swift */; };
		2F96979D2B17C70900929116 /* InputView.swift in Sources */ = {isa = PBXBuildFile; fileRef = 2F96979C2B17C70900929116 /* InputView.swift */; };
		2F9697A12B17E4AF00929116 /* RegisterView.swift in Sources */ = {isa = PBXBuildFile; fileRef = 2F9697A02B17E4AF00929116 /* RegisterView.swift */; };
		2F9697A62B18AD8500929116 /* FirebaseAuth in Frameworks */ = {isa = PBXBuildFile; productRef = 2F9697A52B18AD8500929116 /* FirebaseAuth */; };
		2F9697A82B18AD8500929116 /* FirebaseDatabase in Frameworks */ = {isa = PBXBuildFile; productRef = 2F9697A72B18AD8500929116 /* FirebaseDatabase */; };
		2F9697AA2B18AD8500929116 /* FirebaseDatabaseSwift in Frameworks */ = {isa = PBXBuildFile; productRef = 2F9697A92B18AD8500929116 /* FirebaseDatabaseSwift */; };
		2F9697AC2B18AD8500929116 /* FirebaseFirestore in Frameworks */ = {isa = PBXBuildFile; productRef = 2F9697AB2B18AD8500929116 /* FirebaseFirestore */; };
		2F9697AE2B18AD8500929116 /* FirebaseFirestoreSwift in Frameworks */ = {isa = PBXBuildFile; productRef = 2F9697AD2B18AD8500929116 /* FirebaseFirestoreSwift */; };
		2F9697B22B18DC3700929116 /* AuthViewModel.swift in Sources */ = {isa = PBXBuildFile; fileRef = 2F9697B12B18DC3700929116 /* AuthViewModel.swift */; };
		2F9697B52B1910FF00929116 /* ContentView.swift in Sources */ = {isa = PBXBuildFile; fileRef = 2F9697B42B1910FF00929116 /* ContentView.swift */; };
		2F9697BB2B19213500929116 /* UserModel.swift in Sources */ = {isa = PBXBuildFile; fileRef = 2F9697BA2B19213500929116 /* UserModel.swift */; };
		2F9697BD2B1A7F2A00929116 /* GoogleService-Info.plist in Resources */ = {isa = PBXBuildFile; fileRef = 2F9697BC2B1A7F2A00929116 /* GoogleService-Info.plist */; };
		2F9697C02B1A83D800929116 /* FirebaseStorage in Frameworks */ = {isa = PBXBuildFile; productRef = 2F9697BF2B1A83D800929116 /* FirebaseStorage */; };
		2F986C362B165DD3000B546B /* LaunchScreen.storyboard in Resources */ = {isa = PBXBuildFile; fileRef = 2F986C352B165DD3000B546B /* LaunchScreen.storyboard */; };
		2FA8C9652B1E048700CA4581 /* AuthProtocol.swift in Sources */ = {isa = PBXBuildFile; fileRef = 2FA8C9642B1E048700CA4581 /* AuthProtocol.swift */; };
		2FF0DC2C2B2A40E500DA860B /* CustomAlertInfoModel.swift in Sources */ = {isa = PBXBuildFile; fileRef = 2FF0DC2B2B2A40E500DA860B /* CustomAlertInfoModel.swift */; };
/* End PBXBuildFile section */

/* Begin PBXFileReference section */
		2F0ACD3E2B0B99A50099D20B /* ListViewModel.swift */ = {isa = PBXFileReference; lastKnownFileType = sourcecode.swift; path = ListViewModel.swift; sourceTree = "<group>"; };
		2F0B13D32AF5147E0085ADF2 /* ListView.swift */ = {isa = PBXFileReference; lastKnownFileType = sourcecode.swift; path = ListView.swift; sourceTree = "<group>"; };
		2F0B13D52AF51A8F0085ADF2 /* ListRowView.swift */ = {isa = PBXFileReference; lastKnownFileType = sourcecode.swift; path = ListRowView.swift; sourceTree = "<group>"; };
		2F0B13D72AF522C60085ADF2 /* AddView.swift */ = {isa = PBXFileReference; lastKnownFileType = sourcecode.swift; path = AddView.swift; sourceTree = "<group>"; };
		2F191F552AFC01DB003C4D7D /* ItemModel.swift */ = {isa = PBXFileReference; lastKnownFileType = sourcecode.swift; path = ItemModel.swift; sourceTree = "<group>"; };
		2F1B1FD92AF2A435004A55E5 /* ToDo.app */ = {isa = PBXFileReference; explicitFileType = wrapper.application; includeInIndex = 0; path = ToDo.app; sourceTree = BUILT_PRODUCTS_DIR; };
		2F1B1FDC2AF2A435004A55E5 /* ToDoApp.swift */ = {isa = PBXFileReference; lastKnownFileType = sourcecode.swift; path = ToDoApp.swift; sourceTree = "<group>"; };
		2F1B1FE02AF2A437004A55E5 /* Assets.xcassets */ = {isa = PBXFileReference; lastKnownFileType = folder.assetcatalog; path = Assets.xcassets; sourceTree = "<group>"; };
		2F1B1FE32AF2A437004A55E5 /* Preview Assets.xcassets */ = {isa = PBXFileReference; lastKnownFileType = folder.assetcatalog; path = "Preview Assets.xcassets"; sourceTree = "<group>"; };
		2F7EA7042B12806F00D0075D /* NoItemsView.swift */ = {isa = PBXFileReference; lastKnownFileType = sourcecode.swift; path = NoItemsView.swift; sourceTree = "<group>"; };
		2F9697962B17B5AA00929116 /* LoginView.swift */ = {isa = PBXFileReference; lastKnownFileType = sourcecode.swift; path = LoginView.swift; sourceTree = "<group>"; };
		2F96979C2B17C70900929116 /* InputView.swift */ = {isa = PBXFileReference; lastKnownFileType = sourcecode.swift; path = InputView.swift; sourceTree = "<group>"; };
		2F9697A02B17E4AF00929116 /* RegisterView.swift */ = {isa = PBXFileReference; lastKnownFileType = sourcecode.swift; path = RegisterView.swift; sourceTree = "<group>"; };
		2F9697B12B18DC3700929116 /* AuthViewModel.swift */ = {isa = PBXFileReference; lastKnownFileType = sourcecode.swift; path = AuthViewModel.swift; sourceTree = "<group>"; };
		2F9697B42B1910FF00929116 /* ContentView.swift */ = {isa = PBXFileReference; lastKnownFileType = sourcecode.swift; path = ContentView.swift; sourceTree = "<group>"; };
		2F9697BA2B19213500929116 /* UserModel.swift */ = {isa = PBXFileReference; lastKnownFileType = sourcecode.swift; path = UserModel.swift; sourceTree = "<group>"; };
		2F9697BC2B1A7F2A00929116 /* GoogleService-Info.plist */ = {isa = PBXFileReference; fileEncoding = 4; lastKnownFileType = text.plist.xml; path = "GoogleService-Info.plist"; sourceTree = "<group>"; };
		2F986C352B165DD3000B546B /* LaunchScreen.storyboard */ = {isa = PBXFileReference; lastKnownFileType = file.storyboard; path = LaunchScreen.storyboard; sourceTree = "<group>"; };
		2FA8C9642B1E048700CA4581 /* AuthProtocol.swift */ = {isa = PBXFileReference; lastKnownFileType = sourcecode.swift; path = AuthProtocol.swift; sourceTree = "<group>"; };
		2FF0DC2B2B2A40E500DA860B /* CustomAlertInfoModel.swift */ = {isa = PBXFileReference; lastKnownFileType = sourcecode.swift; path = CustomAlertInfoModel.swift; sourceTree = "<group>"; };
/* End PBXFileReference section */

/* Begin PBXFrameworksBuildPhase section */
		2F1B1FD62AF2A435004A55E5 /* Frameworks */ = {
			isa = PBXFrameworksBuildPhase;
			buildActionMask = 2147483647;
			files = (
				2F9697AE2B18AD8500929116 /* FirebaseFirestoreSwift in Frameworks */,
				2F9697AA2B18AD8500929116 /* FirebaseDatabaseSwift in Frameworks */,
				2F9697AC2B18AD8500929116 /* FirebaseFirestore in Frameworks */,
				2F9697A82B18AD8500929116 /* FirebaseDatabase in Frameworks */,
				2F9697A62B18AD8500929116 /* FirebaseAuth in Frameworks */,
				2F9697C02B1A83D800929116 /* FirebaseStorage in Frameworks */,
			);
			runOnlyForDeploymentPostprocessing = 0;
		};
/* End PBXFrameworksBuildPhase section */

/* Begin PBXGroup section */
		2F1B1FD02AF2A435004A55E5 = {
			isa = PBXGroup;
			children = (
				2F1B1FDB2AF2A435004A55E5 /* ToDo */,
				2F1B1FDA2AF2A435004A55E5 /* Products */,
				2F9697BE2B1A83D800929116 /* Frameworks */,
			);
			sourceTree = "<group>";
		};
		2F1B1FDA2AF2A435004A55E5 /* Products */ = {
			isa = PBXGroup;
			children = (
				2F1B1FD92AF2A435004A55E5 /* ToDo.app */,
			);
			name = Products;
			sourceTree = "<group>";
		};
		2F1B1FDB2AF2A435004A55E5 /* ToDo */ = {
			isa = PBXGroup;
			children = (
				2F96979A2B17B5EB00929116 /* App */,
				2F9697992B17B5E200929116 /* Core */,
				2F9697982B17B5CB00929116 /* Components */,
				2F9697B32B1910EB00929116 /* Root */,
				2F9697B92B19211C00929116 /* Model */,
				2F1B1FE02AF2A437004A55E5 /* Assets.xcassets */,
				2F986C352B165DD3000B546B /* LaunchScreen.storyboard */,
				2F9697BC2B1A7F2A00929116 /* GoogleService-Info.plist */,
				2F1B1FE22AF2A437004A55E5 /* Preview Content */,
			);
			path = ToDo;
			sourceTree = "<group>";
		};
		2F1B1FE22AF2A437004A55E5 /* Preview Content */ = {
			isa = PBXGroup;
			children = (
				2F1B1FE32AF2A437004A55E5 /* Preview Assets.xcassets */,
			);
			path = "Preview Content";
			sourceTree = "<group>";
		};
		2F9697982B17B5CB00929116 /* Components */ = {
			isa = PBXGroup;
			children = (
				2F0B13D72AF522C60085ADF2 /* AddView.swift */,
				2F0B13D52AF51A8F0085ADF2 /* ListRowView.swift */,
				2F7EA7042B12806F00D0075D /* NoItemsView.swift */,
				2F96979C2B17C70900929116 /* InputView.swift */,
			);
			path = Components;
			sourceTree = "<group>";
		};
		2F9697992B17B5E200929116 /* Core */ = {
			isa = PBXGroup;
			children = (
				2F96979B2B17B63100929116 /* Authentication */,
				2F9697B62B19188F00929116 /* List */,
			);
			path = Core;
			sourceTree = "<group>";
		};
		2F96979A2B17B5EB00929116 /* App */ = {
			isa = PBXGroup;
			children = (
				2F1B1FDC2AF2A435004A55E5 /* ToDoApp.swift */,
			);
			path = App;
			sourceTree = "<group>";
		};
		2F96979B2B17B63100929116 /* Authentication */ = {
			isa = PBXGroup;
			children = (
				2F9697B02B18DBC600929116 /* View */,
				2F9697AF2B18DBB000929116 /* ViewModel */,
				2FA8C9632B1E044300CA4581 /* Protocols */,
			);
			path = Authentication;
			sourceTree = "<group>";
		};
		2F9697AF2B18DBB000929116 /* ViewModel */ = {
			isa = PBXGroup;
			children = (
				2F9697B12B18DC3700929116 /* AuthViewModel.swift */,
			);
			path = ViewModel;
			sourceTree = "<group>";
		};
		2F9697B02B18DBC600929116 /* View */ = {
			isa = PBXGroup;
			children = (
				2F9697A02B17E4AF00929116 /* RegisterView.swift */,
				2F9697962B17B5AA00929116 /* LoginView.swift */,
			);
			path = View;
			sourceTree = "<group>";
		};
		2F9697B32B1910EB00929116 /* Root */ = {
			isa = PBXGroup;
			children = (
				2F9697B42B1910FF00929116 /* ContentView.swift */,
			);
			path = Root;
			sourceTree = "<group>";
		};
		2F9697B62B19188F00929116 /* List */ = {
			isa = PBXGroup;
			children = (
				2F9697B82B19190700929116 /* ViewModel */,
				2F9697B72B1918FC00929116 /* View */,
			);
			path = List;
			sourceTree = "<group>";
		};
		2F9697B72B1918FC00929116 /* View */ = {
			isa = PBXGroup;
			children = (
				2F0B13D32AF5147E0085ADF2 /* ListView.swift */,
				2FF0DC2B2B2A40E500DA860B /* CustomAlertInfoModel.swift */,
			);
			path = View;
			sourceTree = "<group>";
		};
		2F9697B82B19190700929116 /* ViewModel */ = {
			isa = PBXGroup;
			children = (
				2F0ACD3E2B0B99A50099D20B /* ListViewModel.swift */,
			);
			path = ViewModel;
			sourceTree = "<group>";
		};
		2F9697B92B19211C00929116 /* Model */ = {
			isa = PBXGroup;
			children = (
				2F191F552AFC01DB003C4D7D /* ItemModel.swift */,
				2F9697BA2B19213500929116 /* UserModel.swift */,
			);
			path = Model;
			sourceTree = "<group>";
		};
		2F9697BE2B1A83D800929116 /* Frameworks */ = {
			isa = PBXGroup;
			children = (
			);
			name = Frameworks;
			sourceTree = "<group>";
		};
		2FA8C9632B1E044300CA4581 /* Protocols */ = {
			isa = PBXGroup;
			children = (
				2FA8C9642B1E048700CA4581 /* AuthProtocol.swift */,
			);
			path = Protocols;
			sourceTree = "<group>";
		};
/* End PBXGroup section */

/* Begin PBXNativeTarget section */
		2F1B1FD82AF2A435004A55E5 /* ToDo */ = {
			isa = PBXNativeTarget;
			buildConfigurationList = 2F1B1FE72AF2A437004A55E5 /* Build configuration list for PBXNativeTarget "ToDo" */;
			buildPhases = (
				2F1B1FD52AF2A435004A55E5 /* Sources */,
				2F1B1FD62AF2A435004A55E5 /* Frameworks */,
				2F1B1FD72AF2A435004A55E5 /* Resources */,
			);
			buildRules = (
			);
			dependencies = (
			);
			name = ToDo;
			packageProductDependencies = (
				2F9697A52B18AD8500929116 /* FirebaseAuth */,
				2F9697A72B18AD8500929116 /* FirebaseDatabase */,
				2F9697A92B18AD8500929116 /* FirebaseDatabaseSwift */,
				2F9697AB2B18AD8500929116 /* FirebaseFirestore */,
				2F9697AD2B18AD8500929116 /* FirebaseFirestoreSwift */,
				2F9697BF2B1A83D800929116 /* FirebaseStorage */,
			);
			productName = ToDo;
			productReference = 2F1B1FD92AF2A435004A55E5 /* ToDo.app */;
			productType = "com.apple.product-type.application";
		};
/* End PBXNativeTarget section */

/* Begin PBXProject section */
		2F1B1FD12AF2A435004A55E5 /* Project object */ = {
			isa = PBXProject;
			attributes = {
				BuildIndependentTargetsInParallel = 1;
				LastSwiftUpdateCheck = 1420;
				LastUpgradeCheck = 1420;
				TargetAttributes = {
					2F1B1FD82AF2A435004A55E5 = {
						CreatedOnToolsVersion = 14.2;
					};
				};
			};
			buildConfigurationList = 2F1B1FD42AF2A435004A55E5 /* Build configuration list for PBXProject "ToDo" */;
			compatibilityVersion = "Xcode 14.0";
			developmentRegion = en;
			hasScannedForEncodings = 0;
			knownRegions = (
				en,
				Base,
			);
			mainGroup = 2F1B1FD02AF2A435004A55E5;
			packageReferences = (
				2F9697A42B18AD8500929116 /* XCRemoteSwiftPackageReference "firebase-ios-sdk" */,
			);
			productRefGroup = 2F1B1FDA2AF2A435004A55E5 /* Products */;
			projectDirPath = "";
			projectRoot = "";
			targets = (
				2F1B1FD82AF2A435004A55E5 /* ToDo */,
			);
		};
/* End PBXProject section */

/* Begin PBXResourcesBuildPhase section */
		2F1B1FD72AF2A435004A55E5 /* Resources */ = {
			isa = PBXResourcesBuildPhase;
			buildActionMask = 2147483647;
			files = (
				2F986C362B165DD3000B546B /* LaunchScreen.storyboard in Resources */,
				2F9697BD2B1A7F2A00929116 /* GoogleService-Info.plist in Resources */,
				2F1B1FE42AF2A437004A55E5 /* Preview Assets.xcassets in Resources */,
				2F1B1FE12AF2A437004A55E5 /* Assets.xcassets in Resources */,
			);
			runOnlyForDeploymentPostprocessing = 0;
		};
/* End PBXResourcesBuildPhase section */

/* Begin PBXSourcesBuildPhase section */
		2F1B1FD52AF2A435004A55E5 /* Sources */ = {
			isa = PBXSourcesBuildPhase;
			buildActionMask = 2147483647;
			files = (
				2F191F562AFC01DB003C4D7D /* ItemModel.swift in Sources */,
				2FF0DC2C2B2A40E500DA860B /* CustomAlertInfoModel.swift in Sources */,
				2F9697A12B17E4AF00929116 /* RegisterView.swift in Sources */,
				2F9697B52B1910FF00929116 /* ContentView.swift in Sources */,
				2F0B13D82AF522C60085ADF2 /* AddView.swift in Sources */,
				2F0ACD3F2B0B99A50099D20B /* ListViewModel.swift in Sources */,
				2F9697BB2B19213500929116 /* UserModel.swift in Sources */,
				2F1B1FDD2AF2A435004A55E5 /* ToDoApp.swift in Sources */,
				2F0B13D42AF5147E0085ADF2 /* ListView.swift in Sources */,
				2F7EA7052B12806F00D0075D /* NoItemsView.swift in Sources */,
				2F9697B22B18DC3700929116 /* AuthViewModel.swift in Sources */,
				2F96979D2B17C70900929116 /* InputView.swift in Sources */,
				2F9697972B17B5AA00929116 /* LoginView.swift in Sources */,
				2F0B13D62AF51A8F0085ADF2 /* ListRowView.swift in Sources */,
				2FA8C9652B1E048700CA4581 /* AuthProtocol.swift in Sources */,
			);
			runOnlyForDeploymentPostprocessing = 0;
		};
/* End PBXSourcesBuildPhase section */

/* Begin XCBuildConfiguration section */
		2F1B1FE52AF2A437004A55E5 /* Debug */ = {
			isa = XCBuildConfiguration;
			buildSettings = {
				ALWAYS_SEARCH_USER_PATHS = NO;
				CLANG_ANALYZER_NONNULL = YES;
				CLANG_ANALYZER_NUMBER_OBJECT_CONVERSION = YES_AGGRESSIVE;
				CLANG_CXX_LANGUAGE_STANDARD = "gnu++20";
				CLANG_ENABLE_MODULES = YES;
				CLANG_ENABLE_OBJC_ARC = YES;
				CLANG_ENABLE_OBJC_WEAK = YES;
				CLANG_WARN_BLOCK_CAPTURE_AUTORELEASING = YES;
				CLANG_WARN_BOOL_CONVERSION = YES;
				CLANG_WARN_COMMA = YES;
				CLANG_WARN_CONSTANT_CONVERSION = YES;
				CLANG_WARN_DEPRECATED_OBJC_IMPLEMENTATIONS = YES;
				CLANG_WARN_DIRECT_OBJC_ISA_USAGE = YES_ERROR;
				CLANG_WARN_DOCUMENTATION_COMMENTS = YES;
				CLANG_WARN_EMPTY_BODY = YES;
				CLANG_WARN_ENUM_CONVERSION = YES;
				CLANG_WARN_INFINITE_RECURSION = YES;
				CLANG_WARN_INT_CONVERSION = YES;
				CLANG_WARN_NON_LITERAL_NULL_CONVERSION = YES;
				CLANG_WARN_OBJC_IMPLICIT_RETAIN_SELF = YES;
				CLANG_WARN_OBJC_LITERAL_CONVERSION = YES;
				CLANG_WARN_OBJC_ROOT_CLASS = YES_ERROR;
				CLANG_WARN_QUOTED_INCLUDE_IN_FRAMEWORK_HEADER = YES;
				CLANG_WARN_RANGE_LOOP_ANALYSIS = YES;
				CLANG_WARN_STRICT_PROTOTYPES = YES;
				CLANG_WARN_SUSPICIOUS_MOVE = YES;
				CLANG_WARN_UNGUARDED_AVAILABILITY = YES_AGGRESSIVE;
				CLANG_WARN_UNREACHABLE_CODE = YES;
				CLANG_WARN__DUPLICATE_METHOD_MATCH = YES;
				COPY_PHASE_STRIP = NO;
				DEBUG_INFORMATION_FORMAT = dwarf;
				ENABLE_STRICT_OBJC_MSGSEND = YES;
				ENABLE_TESTABILITY = YES;
				GCC_C_LANGUAGE_STANDARD = gnu11;
				GCC_DYNAMIC_NO_PIC = NO;
				GCC_NO_COMMON_BLOCKS = YES;
				GCC_OPTIMIZATION_LEVEL = 0;
				GCC_PREPROCESSOR_DEFINITIONS = (
					"DEBUG=1",
					"$(inherited)",
				);
				GCC_WARN_64_TO_32_BIT_CONVERSION = YES;
				GCC_WARN_ABOUT_RETURN_TYPE = YES_ERROR;
				GCC_WARN_UNDECLARED_SELECTOR = YES;
				GCC_WARN_UNINITIALIZED_AUTOS = YES_AGGRESSIVE;
				GCC_WARN_UNUSED_FUNCTION = YES;
				GCC_WARN_UNUSED_VARIABLE = YES;
				IPHONEOS_DEPLOYMENT_TARGET = 16.2;
				MTL_ENABLE_DEBUG_INFO = INCLUDE_SOURCE;
				MTL_FAST_MATH = YES;
				ONLY_ACTIVE_ARCH = YES;
				SDKROOT = iphoneos;
				SWIFT_ACTIVE_COMPILATION_CONDITIONS = DEBUG;
				SWIFT_OPTIMIZATION_LEVEL = "-Onone";
			};
			name = Debug;
		};
		2F1B1FE62AF2A437004A55E5 /* Release */ = {
			isa = XCBuildConfiguration;
			buildSettings = {
				ALWAYS_SEARCH_USER_PATHS = NO;
				CLANG_ANALYZER_NONNULL = YES;
				CLANG_ANALYZER_NUMBER_OBJECT_CONVERSION = YES_AGGRESSIVE;
				CLANG_CXX_LANGUAGE_STANDARD = "gnu++20";
				CLANG_ENABLE_MODULES = YES;
				CLANG_ENABLE_OBJC_ARC = YES;
				CLANG_ENABLE_OBJC_WEAK = YES;
				CLANG_WARN_BLOCK_CAPTURE_AUTORELEASING = YES;
				CLANG_WARN_BOOL_CONVERSION = YES;
				CLANG_WARN_COMMA = YES;
				CLANG_WARN_CONSTANT_CONVERSION = YES;
				CLANG_WARN_DEPRECATED_OBJC_IMPLEMENTATIONS = YES;
				CLANG_WARN_DIRECT_OBJC_ISA_USAGE = YES_ERROR;
				CLANG_WARN_DOCUMENTATION_COMMENTS = YES;
				CLANG_WARN_EMPTY_BODY = YES;
				CLANG_WARN_ENUM_CONVERSION = YES;
				CLANG_WARN_INFINITE_RECURSION = YES;
				CLANG_WARN_INT_CONVERSION = YES;
				CLANG_WARN_NON_LITERAL_NULL_CONVERSION = YES;
				CLANG_WARN_OBJC_IMPLICIT_RETAIN_SELF = YES;
				CLANG_WARN_OBJC_LITERAL_CONVERSION = YES;
				CLANG_WARN_OBJC_ROOT_CLASS = YES_ERROR;
				CLANG_WARN_QUOTED_INCLUDE_IN_FRAMEWORK_HEADER = YES;
				CLANG_WARN_RANGE_LOOP_ANALYSIS = YES;
				CLANG_WARN_STRICT_PROTOTYPES = YES;
				CLANG_WARN_SUSPICIOUS_MOVE = YES;
				CLANG_WARN_UNGUARDED_AVAILABILITY = YES_AGGRESSIVE;
				CLANG_WARN_UNREACHABLE_CODE = YES;
				CLANG_WARN__DUPLICATE_METHOD_MATCH = YES;
				COPY_PHASE_STRIP = NO;
				DEBUG_INFORMATION_FORMAT = "dwarf-with-dsym";
				ENABLE_NS_ASSERTIONS = NO;
				ENABLE_STRICT_OBJC_MSGSEND = YES;
				GCC_C_LANGUAGE_STANDARD = gnu11;
				GCC_NO_COMMON_BLOCKS = YES;
				GCC_WARN_64_TO_32_BIT_CONVERSION = YES;
				GCC_WARN_ABOUT_RETURN_TYPE = YES_ERROR;
				GCC_WARN_UNDECLARED_SELECTOR = YES;
				GCC_WARN_UNINITIALIZED_AUTOS = YES_AGGRESSIVE;
				GCC_WARN_UNUSED_FUNCTION = YES;
				GCC_WARN_UNUSED_VARIABLE = YES;
				IPHONEOS_DEPLOYMENT_TARGET = 16.2;
				MTL_ENABLE_DEBUG_INFO = NO;
				MTL_FAST_MATH = YES;
				SDKROOT = iphoneos;
				SWIFT_COMPILATION_MODE = wholemodule;
				SWIFT_OPTIMIZATION_LEVEL = "-O";
				VALIDATE_PRODUCT = YES;
			};
			name = Release;
		};
		2F1B1FE82AF2A437004A55E5 /* Debug */ = {
			isa = XCBuildConfiguration;
			buildSettings = {
				ASSETCATALOG_COMPILER_APPICON_NAME = AppIcon;
				ASSETCATALOG_COMPILER_GLOBAL_ACCENT_COLOR_NAME = AccentColor;
				CODE_SIGN_STYLE = Automatic;
				CURRENT_PROJECT_VERSION = 1;
				DEVELOPMENT_ASSET_PATHS = "\"ToDo/Preview Content\"";
				DEVELOPMENT_TEAM = ZJ24JA23A8;
				ENABLE_PREVIEWS = YES;
				GENERATE_INFOPLIST_FILE = YES;
				INFOPLIST_KEY_UIApplicationSceneManifest_Generation = YES;
				INFOPLIST_KEY_UIApplicationSupportsIndirectInputEvents = YES;
				INFOPLIST_KEY_UILaunchStoryboardName = LaunchScreen.storyboard;
				INFOPLIST_KEY_UISupportedInterfaceOrientations_iPad = "UIInterfaceOrientationPortrait UIInterfaceOrientationPortraitUpsideDown UIInterfaceOrientationLandscapeLeft UIInterfaceOrientationLandscapeRight";
				INFOPLIST_KEY_UISupportedInterfaceOrientations_iPhone = "UIInterfaceOrientationPortrait UIInterfaceOrientationLandscapeLeft UIInterfaceOrientationLandscapeRight";
				LD_RUNPATH_SEARCH_PATHS = (
					"$(inherited)",
					"@executable_path/Frameworks",
				);
				MARKETING_VERSION = 1.0;
				PRODUCT_BUNDLE_IDENTIFIER = jrSoftware.ToDo;
				PRODUCT_NAME = "$(TARGET_NAME)";
				SWIFT_EMIT_LOC_STRINGS = YES;
				SWIFT_VERSION = 5.0;
				TARGETED_DEVICE_FAMILY = "1,2";
			};
			name = Debug;
		};
		2F1B1FE92AF2A437004A55E5 /* Release */ = {
			isa = XCBuildConfiguration;
			buildSettings = {
				ASSETCATALOG_COMPILER_APPICON_NAME = AppIcon;
				ASSETCATALOG_COMPILER_GLOBAL_ACCENT_COLOR_NAME = AccentColor;
				CODE_SIGN_STYLE = Automatic;
				CURRENT_PROJECT_VERSION = 1;
				DEVELOPMENT_ASSET_PATHS = "\"ToDo/Preview Content\"";
				DEVELOPMENT_TEAM = ZJ24JA23A8;
				ENABLE_PREVIEWS = YES;
				GENERATE_INFOPLIST_FILE = YES;
				INFOPLIST_KEY_UIApplicationSceneManifest_Generation = YES;
				INFOPLIST_KEY_UIApplicationSupportsIndirectInputEvents = YES;
				INFOPLIST_KEY_UILaunchStoryboardName = LaunchScreen.storyboard;
				INFOPLIST_KEY_UISupportedInterfaceOrientations_iPad = "UIInterfaceOrientationPortrait UIInterfaceOrientationPortraitUpsideDown UIInterfaceOrientationLandscapeLeft UIInterfaceOrientationLandscapeRight";
				INFOPLIST_KEY_UISupportedInterfaceOrientations_iPhone = "UIInterfaceOrientationPortrait UIInterfaceOrientationLandscapeLeft UIInterfaceOrientationLandscapeRight";
				LD_RUNPATH_SEARCH_PATHS = (
					"$(inherited)",
					"@executable_path/Frameworks",
				);
				MARKETING_VERSION = 1.0;
				PRODUCT_BUNDLE_IDENTIFIER = jrSoftware.ToDo;
				PRODUCT_NAME = "$(TARGET_NAME)";
				SWIFT_EMIT_LOC_STRINGS = YES;
				SWIFT_VERSION = 5.0;
				TARGETED_DEVICE_FAMILY = "1,2";
			};
			name = Release;
		};
/* End XCBuildConfiguration section */

/* Begin XCConfigurationList section */
		2F1B1FD42AF2A435004A55E5 /* Build configuration list for PBXProject "ToDo" */ = {
			isa = XCConfigurationList;
			buildConfigurations = (
				2F1B1FE52AF2A437004A55E5 /* Debug */,
				2F1B1FE62AF2A437004A55E5 /* Release */,
			);
			defaultConfigurationIsVisible = 0;
			defaultConfigurationName = Release;
		};
		2F1B1FE72AF2A437004A55E5 /* Build configuration list for PBXNativeTarget "ToDo" */ = {
			isa = XCConfigurationList;
			buildConfigurations = (
				2F1B1FE82AF2A437004A55E5 /* Debug */,
				2F1B1FE92AF2A437004A55E5 /* Release */,
			);
			defaultConfigurationIsVisible = 0;
			defaultConfigurationName = Release;
		};
/* End XCConfigurationList section */

/* Begin XCRemoteSwiftPackageReference section */
		2F9697A42B18AD8500929116 /* XCRemoteSwiftPackageReference "firebase-ios-sdk" */ = {
			isa = XCRemoteSwiftPackageReference;
			repositoryURL = "https://github.com/firebase/firebase-ios-sdk";
			requirement = {
				kind = upToNextMajorVersion;
				minimumVersion = 9.0.0;
			};
		};
/* End XCRemoteSwiftPackageReference section */

/* Begin XCSwiftPackageProductDependency section */
		2F9697A52B18AD8500929116 /* FirebaseAuth */ = {
			isa = XCSwiftPackageProductDependency;
			package = 2F9697A42B18AD8500929116 /* XCRemoteSwiftPackageReference "firebase-ios-sdk" */;
			productName = FirebaseAuth;
		};
		2F9697A72B18AD8500929116 /* FirebaseDatabase */ = {
			isa = XCSwiftPackageProductDependency;
			package = 2F9697A42B18AD8500929116 /* XCRemoteSwiftPackageReference "firebase-ios-sdk" */;
			productName = FirebaseDatabase;
		};
		2F9697A92B18AD8500929116 /* FirebaseDatabaseSwift */ = {
			isa = XCSwiftPackageProductDependency;
			package = 2F9697A42B18AD8500929116 /* XCRemoteSwiftPackageReference "firebase-ios-sdk" */;
			productName = FirebaseDatabaseSwift;
		};
		2F9697AB2B18AD8500929116 /* FirebaseFirestore */ = {
			isa = XCSwiftPackageProductDependency;
			package = 2F9697A42B18AD8500929116 /* XCRemoteSwiftPackageReference "firebase-ios-sdk" */;
			productName = FirebaseFirestore;
		};
		2F9697AD2B18AD8500929116 /* FirebaseFirestoreSwift */ = {
			isa = XCSwiftPackageProductDependency;
			package = 2F9697A42B18AD8500929116 /* XCRemoteSwiftPackageReference "firebase-ios-sdk" */;
			productName = FirebaseFirestoreSwift;
		};
		2F9697BF2B1A83D800929116 /* FirebaseStorage */ = {
			isa = XCSwiftPackageProductDependency;
			package = 2F9697A42B18AD8500929116 /* XCRemoteSwiftPackageReference "firebase-ios-sdk" */;
			productName = FirebaseStorage;
		};
/* End XCSwiftPackageProductDependency section */
	};
	rootObject = 2F1B1FD12AF2A435004A55E5 /* Project object */;
}
